
Microsoft Visual Studio Solution File, Format Version 12.00
# Visual Studio 2013
VisualStudioVersion = 12.0.40629.0
MinimumVisualStudioVersion = 10.0.40219.1
Project("{FAE04EC0-301F-11D3-BF4B-00C04F79EFBC}") = "SourceGrid", "SourceGrid\SourceGrid.csproj", "{2A5A1657-DBA8-4117-8E2A-9F1236ACE9E2}"
EndProject
Project("{FAE04EC0-301F-11D3-BF4B-00C04F79EFBC}") = "DevAge.TestApp", "DevAge.TestApp\DevAge.TestApp.csproj", "{37864E0C-D32E-40A1-B6A8-5B84741681EF}"
EndProject
Project("{FAE04EC0-301F-11D3-BF4B-00C04F79EFBC}") = "SourceGrid.Tests", "SourceGrid.Tests\SourceGrid.Tests.csproj", "{E9C1C112-7618-4815-8E4F-BA6D833EB73E}"
EndProject
Project("{FAE04EC0-301F-11D3-BF4B-00C04F79EFBC}") = "SourceGrid.Examples", "SourceGrid.Examples\SourceGrid.Examples.csproj", "{6A077A72-7CEF-4198-96CB-1DE418F575F2}"
EndProject
Project("{FAE04EC0-301F-11D3-BF4B-00C04F79EFBC}") = "SourceGrid.PingGrid.Backends.DSet", "SourceGrid.PingGrid.Backends.DSet\SourceGrid.PingGrid.Backends.DSet.csproj", "{C2B31911-9D3A-47D5-8845-2666B8515EE8}"
EndProject
Project("{FAE04EC0-301F-11D3-BF4B-00C04F79EFBC}") = "SourceGrid.PingGrid.Backend.Essent", "SourceGrid.PingGrid.Backend.Essent\SourceGrid.PingGrid.Backend.Essent.csproj", "{6DD0E786-111A-4670-BF33-9F2164285F82}"
EndProject
Project("{FAE04EC0-301F-11D3-BF4B-00C04F79EFBC}") = "SourceGrid.PingGrid.Backend.NHibernate", "SourceGrid.PingGrid.Backend.NHibernate\SourceGrid.PingGrid.Backend.NHibernate.csproj", "{257E9149-DA1D-4770-96FF-CB64B045044C}"
EndProject
Project("{FAE04EC0-301F-11D3-BF4B-00C04F79EFBC}") = "SourceGrid.RadioButtonCell", "SourceGrid.RadioButtonCell\SourceGrid.RadioButtonCell.csproj", "{D77EBDC8-52BF-4357-BE84-07522D3E89CA}"
	ProjectSection(ProjectDependencies) = postProject
		{2A5A1657-DBA8-4117-8E2A-9F1236ACE9E2} = {2A5A1657-DBA8-4117-8E2A-9F1236ACE9E2}
	EndProjectSection
EndProject
Project("{FAE04EC0-301F-11D3-BF4B-00C04F79EFBC}") = "SourceGrid.RadioButtonCell.TestApp", "SourceGrid.RadioButtonCell.TestApp\SourceGrid.RadioButtonCell.TestApp.csproj", "{A7BC4074-02D8-47C8-B2C2-6BA5B0688F22}"
	ProjectSection(ProjectDependencies) = postProject
		{2A5A1657-DBA8-4117-8E2A-9F1236ACE9E2} = {2A5A1657-DBA8-4117-8E2A-9F1236ACE9E2}
	EndProjectSection
EndProject
Global
	GlobalSection(SolutionConfigurationPlatforms) = preSolution
		Debug|Any CPU = Debug|Any CPU
		Debug|Mixed Platforms = Debug|Mixed Platforms
		Debug|x86 = Debug|x86
		Release|Any CPU = Release|Any CPU
		Release|Mixed Platforms = Release|Mixed Platforms
		Release|x86 = Release|x86
	EndGlobalSection
	GlobalSection(ProjectConfigurationPlatforms) = postSolution
		{2A5A1657-DBA8-4117-8E2A-9F1236ACE9E2}.Debug|Any CPU.ActiveCfg = Debug|Any CPU
		{2A5A1657-DBA8-4117-8E2A-9F1236ACE9E2}.Debug|Any CPU.Build.0 = Debug|Any CPU
		{2A5A1657-DBA8-4117-8E2A-9F1236ACE9E2}.Debug|Mixed Platforms.ActiveCfg = Debug|x86
		{2A5A1657-DBA8-4117-8E2A-9F1236ACE9E2}.Debug|Mixed Platforms.Build.0 = Debug|x86
		{2A5A1657-DBA8-4117-8E2A-9F1236ACE9E2}.Debug|x86.ActiveCfg = Debug|x86
		{2A5A1657-DBA8-4117-8E2A-9F1236ACE9E2}.Debug|x86.Build.0 = Debug|x86
		{2A5A1657-DBA8-4117-8E2A-9F1236ACE9E2}.Release|Any CPU.ActiveCfg = Release|x86
		{2A5A1657-DBA8-4117-8E2A-9F1236ACE9E2}.Release|Any CPU.Build.0 = Release|x86
		{2A5A1657-DBA8-4117-8E2A-9F1236ACE9E2}.Release|Mixed Platforms.ActiveCfg = Release|x86
		{2A5A1657-DBA8-4117-8E2A-9F1236ACE9E2}.Release|Mixed Platforms.Build.0 = Release|x86
		{2A5A1657-DBA8-4117-8E2A-9F1236ACE9E2}.Release|x86.ActiveCfg = Release|x86
		{2A5A1657-DBA8-4117-8E2A-9F1236ACE9E2}.Release|x86.Build.0 = Release|x86
		{37864E0C-D32E-40A1-B6A8-5B84741681EF}.Debug|Any CPU.ActiveCfg = Debug|Any CPU
		{37864E0C-D32E-40A1-B6A8-5B84741681EF}.Debug|Any CPU.Build.0 = Debug|Any CPU
		{37864E0C-D32E-40A1-B6A8-5B84741681EF}.Debug|Mixed Platforms.ActiveCfg = Debug|x86
		{37864E0C-D32E-40A1-B6A8-5B84741681EF}.Debug|Mixed Platforms.Build.0 = Debug|x86
		{37864E0C-D32E-40A1-B6A8-5B84741681EF}.Debug|x86.ActiveCfg = Debug|x86
		{37864E0C-D32E-40A1-B6A8-5B84741681EF}.Debug|x86.Build.0 = Debug|x86
		{37864E0C-D32E-40A1-B6A8-5B84741681EF}.Release|Any CPU.ActiveCfg = Release|x86
		{37864E0C-D32E-40A1-B6A8-5B84741681EF}.Release|Any CPU.Build.0 = Release|x86
		{37864E0C-D32E-40A1-B6A8-5B84741681EF}.Release|Mixed Platforms.ActiveCfg = Release|x86
		{37864E0C-D32E-40A1-B6A8-5B84741681EF}.Release|Mixed Platforms.Build.0 = Release|x86
		{37864E0C-D32E-40A1-B6A8-5B84741681EF}.Release|x86.ActiveCfg = Release|x86
		{37864E0C-D32E-40A1-B6A8-5B84741681EF}.Release|x86.Build.0 = Release|x86
		{E9C1C112-7618-4815-8E4F-BA6D833EB73E}.Debug|Any CPU.ActiveCfg = Debug|Any CPU
		{E9C1C112-7618-4815-8E4F-BA6D833EB73E}.Debug|Any CPU.Build.0 = Debug|Any CPU
		{E9C1C112-7618-4815-8E4F-BA6D833EB73E}.Debug|Mixed Platforms.ActiveCfg = Debug|x86
		{E9C1C112-7618-4815-8E4F-BA6D833EB73E}.Debug|Mixed Platforms.Build.0 = Debug|x86
		{E9C1C112-7618-4815-8E4F-BA6D833EB73E}.Debug|x86.ActiveCfg = Debug|x86
		{E9C1C112-7618-4815-8E4F-BA6D833EB73E}.Debug|x86.Build.0 = Debug|x86
		{E9C1C112-7618-4815-8E4F-BA6D833EB73E}.Release|Any CPU.ActiveCfg = Release|x86
		{E9C1C112-7618-4815-8E4F-BA6D833EB73E}.Release|Any CPU.Build.0 = Release|x86
		{E9C1C112-7618-4815-8E4F-BA6D833EB73E}.Release|Mixed Platforms.ActiveCfg = Release|x86
		{E9C1C112-7618-4815-8E4F-BA6D833EB73E}.Release|Mixed Platforms.Build.0 = Release|x86
		{E9C1C112-7618-4815-8E4F-BA6D833EB73E}.Release|x86.ActiveCfg = Release|x86
		{E9C1C112-7618-4815-8E4F-BA6D833EB73E}.Release|x86.Build.0 = Release|x86
		{6A077A72-7CEF-4198-96CB-1DE418F575F2}.Debug|Any CPU.ActiveCfg = Debug|Any CPU
		{6A077A72-7CEF-4198-96CB-1DE418F575F2}.Debug|Any CPU.Build.0 = Debug|Any CPU
		{6A077A72-7CEF-4198-96CB-1DE418F575F2}.Debug|Mixed Platforms.ActiveCfg = Debug|x86
		{6A077A72-7CEF-4198-96CB-1DE418F575F2}.Debug|Mixed Platforms.Build.0 = Debug|x86
		{6A077A72-7CEF-4198-96CB-1DE418F575F2}.Debug|x86.ActiveCfg = Debug|x86
		{6A077A72-7CEF-4198-96CB-1DE418F575F2}.Debug|x86.Build.0 = Debug|x86
		{6A077A72-7CEF-4198-96CB-1DE418F575F2}.Release|Any CPU.ActiveCfg = Release|x86
		{6A077A72-7CEF-4198-96CB-1DE418F575F2}.Release|Any CPU.Build.0 = Release|x86
		{6A077A72-7CEF-4198-96CB-1DE418F575F2}.Release|Mixed Platforms.ActiveCfg = Release|x86
		{6A077A72-7CEF-4198-96CB-1DE418F575F2}.Release|Mixed Platforms.Build.0 = Release|x86
		{6A077A72-7CEF-4198-96CB-1DE418F575F2}.Release|x86.ActiveCfg = Release|x86
		{6A077A72-7CEF-4198-96CB-1DE418F575F2}.Release|x86.Build.0 = Release|x86
		{C2B31911-9D3A-47D5-8845-2666B8515EE8}.Debug|Any CPU.ActiveCfg = Debug|x86
		{C2B31911-9D3A-47D5-8845-2666B8515EE8}.Debug|Any CPU.Build.0 = Debug|x86
		{C2B31911-9D3A-47D5-8845-2666B8515EE8}.Debug|Mixed Platforms.ActiveCfg = Debug|x86
		{C2B31911-9D3A-47D5-8845-2666B8515EE8}.Debug|Mixed Platforms.Build.0 = Debug|x86
		{C2B31911-9D3A-47D5-8845-2666B8515EE8}.Debug|x86.ActiveCfg = Debug|x86
		{C2B31911-9D3A-47D5-8845-2666B8515EE8}.Debug|x86.Build.0 = Debug|x86
		{C2B31911-9D3A-47D5-8845-2666B8515EE8}.Release|Any CPU.ActiveCfg = Release|x86
		{C2B31911-9D3A-47D5-8845-2666B8515EE8}.Release|Any CPU.Build.0 = Release|x86
		{C2B31911-9D3A-47D5-8845-2666B8515EE8}.Release|Mixed Platforms.ActiveCfg = Release|x86
		{C2B31911-9D3A-47D5-8845-2666B8515EE8}.Release|Mixed Platforms.Build.0 = Release|x86
		{C2B31911-9D3A-47D5-8845-2666B8515EE8}.Release|x86.ActiveCfg = Release|x86
		{C2B31911-9D3A-47D5-8845-2666B8515EE8}.Release|x86.Build.0 = Release|x86
		{6DD0E786-111A-4670-BF33-9F2164285F82}.Debug|Any CPU.ActiveCfg = Debug|x86
		{6DD0E786-111A-4670-BF33-9F2164285F82}.Debug|Any CPU.Build.0 = Debug|x86
		{6DD0E786-111A-4670-BF33-9F2164285F82}.Debug|Mixed Platforms.ActiveCfg = Debug|x86
		{6DD0E786-111A-4670-BF33-9F2164285F82}.Debug|Mixed Platforms.Build.0 = Debug|x86
		{6DD0E786-111A-4670-BF33-9F2164285F82}.Debug|x86.ActiveCfg = Debug|x86
		{6DD0E786-111A-4670-BF33-9F2164285F82}.Debug|x86.Build.0 = Debug|x86
		{6DD0E786-111A-4670-BF33-9F2164285F82}.Release|Any CPU.ActiveCfg = Release|x86
		{6DD0E786-111A-4670-BF33-9F2164285F82}.Release|Any CPU.Build.0 = Release|x86
		{6DD0E786-111A-4670-BF33-9F2164285F82}.Release|Mixed Platforms.ActiveCfg = Release|x86
		{6DD0E786-111A-4670-BF33-9F2164285F82}.Release|Mixed Platforms.Build.0 = Release|x86
		{6DD0E786-111A-4670-BF33-9F2164285F82}.Release|x86.ActiveCfg = Release|x86
		{6DD0E786-111A-4670-BF33-9F2164285F82}.Release|x86.Build.0 = Release|x86
		{257E9149-DA1D-4770-96FF-CB64B045044C}.Debug|Any CPU.ActiveCfg = Debug|x86
		{257E9149-DA1D-4770-96FF-CB64B045044C}.Debug|Any CPU.Build.0 = Debug|x86
		{257E9149-DA1D-4770-96FF-CB64B045044C}.Debug|Mixed Platforms.ActiveCfg = Debug|x86
		{257E9149-DA1D-4770-96FF-CB64B045044C}.Debug|Mixed Platforms.Build.0 = Debug|x86
		{257E9149-DA1D-4770-96FF-CB64B045044C}.Debug|x86.ActiveCfg = Debug|x86
		{257E9149-DA1D-4770-96FF-CB64B045044C}.Debug|x86.Build.0 = Debug|x86
		{257E9149-DA1D-4770-96FF-CB64B045044C}.Release|Any CPU.ActiveCfg = Release|x86
		{257E9149-DA1D-4770-96FF-CB64B045044C}.Release|Any CPU.Build.0 = Release|x86
		{257E9149-DA1D-4770-96FF-CB64B045044C}.Release|Mixed Platforms.ActiveCfg = Release|x86
		{257E9149-DA1D-4770-96FF-CB64B045044C}.Release|Mixed Platforms.Build.0 = Release|x86
		{257E9149-DA1D-4770-96FF-CB64B045044C}.Release|x86.ActiveCfg = Release|x86
		{257E9149-DA1D-4770-96FF-CB64B045044C}.Release|x86.Build.0 = Release|x86
		{D77EBDC8-52BF-4357-BE84-07522D3E89CA}.Debug|Any CPU.ActiveCfg = Debug|Any CPU
		{D77EBDC8-52BF-4357-BE84-07522D3E89CA}.Debug|Any CPU.Build.0 = Debug|Any CPU
		{D77EBDC8-52BF-4357-BE84-07522D3E89CA}.Debug|Mixed Platforms.ActiveCfg = Debug|Any CPU
		{D77EBDC8-52BF-4357-BE84-07522D3E89CA}.Debug|Mixed Platforms.Build.0 = Debug|Any CPU
		{D77EBDC8-52BF-4357-BE84-07522D3E89CA}.Debug|x86.ActiveCfg = Debug|Any CPU
		{D77EBDC8-52BF-4357-BE84-07522D3E89CA}.Release|Any CPU.ActiveCfg = Release|Any CPU
		{D77EBDC8-52BF-4357-BE84-07522D3E89CA}.Release|Any CPU.Build.0 = Release|Any CPU
		{D77EBDC8-52BF-4357-BE84-07522D3E89CA}.Release|Mixed Platforms.ActiveCfg = Release|x86
		{D77EBDC8-52BF-4357-BE84-07522D3E89CA}.Release|Mixed Platforms.Build.0 = Release|x86
		{D77EBDC8-52BF-4357-BE84-07522D3E89CA}.Release|x86.ActiveCfg = Release|x86
		{D77EBDC8-52BF-4357-BE84-07522D3E89CA}.Release|x86.Build.0 = Release|x86
		{A7BC4074-02D8-47C8-B2C2-6BA5B0688F22}.Debug|Any CPU.ActiveCfg = Debug|Any CPU
		{A7BC4074-02D8-47C8-B2C2-6BA5B0688F22}.Debug|Any CPU.Build.0 = Debug|Any CPU
		{A7BC4074-02D8-47C8-B2C2-6BA5B0688F22}.Debug|Mixed Platforms.ActiveCfg = Debug|Any CPU
		{A7BC4074-02D8-47C8-B2C2-6BA5B0688F22}.Debug|Mixed Platforms.Build.0 = Debug|Any CPU
		{A7BC4074-02D8-47C8-B2C2-6BA5B0688F22}.Debug|x86.ActiveCfg = Debug|Any CPU
		{A7BC4074-02D8-47C8-B2C2-6BA5B0688F22}.Release|Any CPU.ActiveCfg = Release|Any CPU
		{A7BC4074-02D8-47C8-B2C2-6BA5B0688F22}.Release|Any CPU.Build.0 = Release|Any CPU
		{A7BC4074-02D8-47C8-B2C2-6BA5B0688F22}.Release|Mixed Platforms.ActiveCfg = Release|Any CPU
		{A7BC4074-02D8-47C8-B2C2-6BA5B0688F22}.Release|Mixed Platforms.Build.0 = Release|Any CPU
		{A7BC4074-02D8-47C8-B2C2-6BA5B0688F22}.Release|x86.ActiveCfg = Release|x86
		{A7BC4074-02D8-47C8-B2C2-6BA5B0688F22}.Release|x86.Build.0 = Release|x86
	EndGlobalSection
	GlobalSection(SolutionProperties) = preSolution
		HideSolutionNode = FALSE
	EndGlobalSection
EndGlobal
